
Microsoft Visual Studio Solution File, Format Version 12.00
# Visual Studio Version 16
VisualStudioVersion = 16.0.30028.174
MinimumVisualStudioVersion = 10.0.40219.1
Project("{9A19103F-16F7-4668-BE54-9A1E7A4F7556}") = "Flashcards.UI", "Flashcards.UI\Flashcards.UI.csproj", "{CFBA7EF8-EA7E-41A7-8CC5-002AD7FE5029}"
EndProject
Project("{9A19103F-16F7-4668-BE54-9A1E7A4F7556}") = "FlashCards", "FlashCards\FlashCards.csproj", "{DE61065F-FDE1-4DE9-85CA-96C564835693}"
EndProject
Project("{9A19103F-16F7-4668-BE54-9A1E7A4F7556}") = "FlashCardsTests", "FlashCardsTests\FlashCardsTests.csproj", "{2918EDA0-D8C7-4697-A311-FE5EA47F3916}"
EndProject
Project("{FAE04EC0-301F-11D3-BF4B-00C04F79EFBC}") = "Flashcards.DA.InMemory", "Flashcards.DA.InMemory\Flashcards.DA.InMemory.csproj", "{B003E399-B8E0-40B4-B2C0-F33B51C1BDBF}"
EndProject
Global
	GlobalSection(SolutionConfigurationPlatforms) = preSolution
		Debug|Any CPU = Debug|Any CPU
		Release|Any CPU = Release|Any CPU
	EndGlobalSection
	GlobalSection(ProjectConfigurationPlatforms) = postSolution
		{CFBA7EF8-EA7E-41A7-8CC5-002AD7FE5029}.Debug|Any CPU.ActiveCfg = Debug|Any CPU
		{CFBA7EF8-EA7E-41A7-8CC5-002AD7FE5029}.Debug|Any CPU.Build.0 = Debug|Any CPU
		{CFBA7EF8-EA7E-41A7-8CC5-002AD7FE5029}.Release|Any CPU.ActiveCfg = Release|Any CPU
		{CFBA7EF8-EA7E-41A7-8CC5-002AD7FE5029}.Release|Any CPU.Build.0 = Release|Any CPU
		{DE61065F-FDE1-4DE9-85CA-96C564835693}.Debug|Any CPU.ActiveCfg = Debug|Any CPU
		{DE61065F-FDE1-4DE9-85CA-96C564835693}.Debug|Any CPU.Build.0 = Debug|Any CPU
		{DE61065F-FDE1-4DE9-85CA-96C564835693}.Release|Any CPU.ActiveCfg = Release|Any CPU
		{DE61065F-FDE1-4DE9-85CA-96C564835693}.Release|Any CPU.Build.0 = Release|Any CPU
		{2918EDA0-D8C7-4697-A311-FE5EA47F3916}.Debug|Any CPU.ActiveCfg = Debug|Any CPU
		{2918EDA0-D8C7-4697-A311-FE5EA47F3916}.Debug|Any CPU.Build.0 = Debug|Any CPU
		{2918EDA0-D8C7-4697-A311-FE5EA47F3916}.Release|Any CPU.ActiveCfg = Release|Any CPU
		{2918EDA0-D8C7-4697-A311-FE5EA47F3916}.Release|Any CPU.Build.0 = Release|Any CPU
		{B003E399-B8E0-40B4-B2C0-F33B51C1BDBF}.Debug|Any CPU.ActiveCfg = Debug|Any CPU
		{B003E399-B8E0-40B4-B2C0-F33B51C1BDBF}.Debug|Any CPU.Build.0 = Debug|Any CPU
		{B003E399-B8E0-40B4-B2C0-F33B51C1BDBF}.Release|Any CPU.ActiveCfg = Release|Any CPU
		{B003E399-B8E0-40B4-B2C0-F33B51C1BDBF}.Release|Any CPU.Build.0 = Release|Any CPU
	EndGlobalSection
	GlobalSection(SolutionProperties) = preSolution
		HideSolutionNode = FALSE
	EndGlobalSection
	GlobalSection(ExtensibilityGlobals) = postSolution
		SolutionGuid = {22919ABF-F703-444E-BB9B-9167A9ED03D9}
	EndGlobalSection
EndGlobal
